// !$*UTF8*$!
{
	archiveVersion = 1;
	classes = {
	};
	objectVersion = 56;
	objects = {

/* Begin PBXBuildFile section */
		7F5603762909AA4B006E20A4 /* RestartApp.swift in Sources */ = {isa = PBXBuildFile; fileRef = 7F5603752909AA4B006E20A4 /* RestartApp.swift */; };
		7F5603782909AA4B006E20A4 /* ContentView.swift in Sources */ = {isa = PBXBuildFile; fileRef = 7F5603772909AA4B006E20A4 /* ContentView.swift */; };
		7F56037A2909AA4D006E20A4 /* Assets.xcassets in Resources */ = {isa = PBXBuildFile; fileRef = 7F5603792909AA4D006E20A4 /* Assets.xcassets */; };
		7F56037D2909AA4D006E20A4 /* Preview Assets.xcassets in Resources */ = {isa = PBXBuildFile; fileRef = 7F56037C2909AA4D006E20A4 /* Preview Assets.xcassets */; };
		7F5603852909AAE0006E20A4 /* chimeup.mp3 in Resources */ = {isa = PBXBuildFile; fileRef = 7F5603832909AAE0006E20A4 /* chimeup.mp3 */; };
		7F5603862909AAE0006E20A4 /* success.m4a in Resources */ = {isa = PBXBuildFile; fileRef = 7F5603842909AAE0006E20A4 /* success.m4a */; };
		7F56038E2909ADD1006E20A4 /* OnboardingView.swift in Sources */ = {isa = PBXBuildFile; fileRef = 7F56038D2909ADD1006E20A4 /* OnboardingView.swift */; };
		7F5603902909ADF4006E20A4 /* HomeView.swift in Sources */ = {isa = PBXBuildFile; fileRef = 7F56038F2909ADF4006E20A4 /* HomeView.swift */; };
		7F560392290AF2F8006E20A4 /* CircleGroupView.swift in Sources */ = {isa = PBXBuildFile; fileRef = 7F560391290AF2F8006E20A4 /* CircleGroupView.swift */; };
		7F65A5E4290D556F0021B27A /* AudioPlayer.swift in Sources */ = {isa = PBXBuildFile; fileRef = 7F65A5E3290D556F0021B27A /* AudioPlayer.swift */; };
/* End PBXBuildFile section */

/* Begin PBXFileReference section */
		520FF4C92940CF4207247ECA /* README.md */ = {isa = PBXFileReference; fileEncoding = 4; lastKnownFileType = net.daringfireball.markdown; path = README.md; sourceTree = "<group>"; };
		520FF5C7178FFEBC1B60CD3D /* .gitignore */ = {isa = PBXFileReference; lastKnownFileType = file.gitignore; path = .gitignore; sourceTree = "<group>"; };
		7F5603722909AA4B006E20A4 /* Restart.app */ = {isa = PBXFileReference; explicitFileType = wrapper.application; includeInIndex = 0; path = Restart.app; sourceTree = BUILT_PRODUCTS_DIR; };
		7F5603752909AA4B006E20A4 /* RestartApp.swift */ = {isa = PBXFileReference; lastKnownFileType = sourcecode.swift; path = RestartApp.swift; sourceTree = "<group>"; };
		7F5603772909AA4B006E20A4 /* ContentView.swift */ = {isa = PBXFileReference; lastKnownFileType = sourcecode.swift; path = ContentView.swift; sourceTree = "<group>"; };
		7F5603792909AA4D006E20A4 /* Assets.xcassets */ = {isa = PBXFileReference; lastKnownFileType = folder.assetcatalog; path = Assets.xcassets; sourceTree = "<group>"; };
		7F56037C2909AA4D006E20A4 /* Preview Assets.xcassets */ = {isa = PBXFileReference; lastKnownFileType = folder.assetcatalog; path = "Preview Assets.xcassets"; sourceTree = "<group>"; };
		7F5603832909AAE0006E20A4 /* chimeup.mp3 */ = {isa = PBXFileReference; lastKnownFileType = audio.mp3; path = chimeup.mp3; sourceTree = "<group>"; };
		7F5603842909AAE0006E20A4 /* success.m4a */ = {isa = PBXFileReference; lastKnownFileType = file; path = success.m4a; sourceTree = "<group>"; };
		7F56038C2909AD4A006E20A4 /* Info.plist */ = {isa = PBXFileReference; lastKnownFileType = text.plist; path = Info.plist; sourceTree = "<group>"; };
		7F56038D2909ADD1006E20A4 /* OnboardingView.swift */ = {isa = PBXFileReference; lastKnownFileType = sourcecode.swift; path = OnboardingView.swift; sourceTree = "<group>"; };
		7F56038F2909ADF4006E20A4 /* HomeView.swift */ = {isa = PBXFileReference; lastKnownFileType = sourcecode.swift; path = HomeView.swift; sourceTree = "<group>"; };
		7F560391290AF2F8006E20A4 /* CircleGroupView.swift */ = {isa = PBXFileReference; lastKnownFileType = sourcecode.swift; path = CircleGroupView.swift; sourceTree = "<group>"; };
		7F65A5E3290D556F0021B27A /* AudioPlayer.swift */ = {isa = PBXFileReference; lastKnownFileType = sourcecode.swift; path = AudioPlayer.swift; sourceTree = "<group>"; };
/* End PBXFileReference section */

/* Begin PBXFrameworksBuildPhase section */
		7F56036F2909AA4B006E20A4 /* Frameworks */ = {
			isa = PBXFrameworksBuildPhase;
			buildActionMask = 2147483647;
			files = (
			);
			runOnlyForDeploymentPostprocessing = 0;
		};
/* End PBXFrameworksBuildPhase section */

/* Begin PBXGroup section */
		7F5603692909AA4B006E20A4 = {
			isa = PBXGroup;
			children = (
				7F5603742909AA4B006E20A4 /* Restart */,
				7F5603732909AA4B006E20A4 /* Products */,
				520FF5C7178FFEBC1B60CD3D /* .gitignore */,
				520FF4C92940CF4207247ECA /* README.md */,
			);
			sourceTree = "<group>";
		};
		7F5603732909AA4B006E20A4 /* Products */ = {
			isa = PBXGroup;
			children = (
				7F5603722909AA4B006E20A4 /* Restart.app */,
			);
			name = Products;
			sourceTree = "<group>";
		};
		7F5603742909AA4B006E20A4 /* Restart */ = {
			isa = PBXGroup;
			children = (
				7F56038C2909AD4A006E20A4 /* Info.plist */,
				7F56038A2909AC44006E20A4 /* Utilities */,
				7F56038B2909AC4A006E20A4 /* Views */,
				7F5603872909AAFF006E20A4 /* Sounds */,
				7F5603752909AA4B006E20A4 /* RestartApp.swift */,
				7F5603882909AC09006E20A4 /* Screens */,
				7F5603792909AA4D006E20A4 /* Assets.xcassets */,
				7F56037B2909AA4D006E20A4 /* Preview Content */,
			);
			path = Restart;
			sourceTree = "<group>";
		};
		7F56037B2909AA4D006E20A4 /* Preview Content */ = {
			isa = PBXGroup;
			children = (
				7F56037C2909AA4D006E20A4 /* Preview Assets.xcassets */,
			);
			path = "Preview Content";
			sourceTree = "<group>";
		};
		7F5603872909AAFF006E20A4 /* Sounds */ = {
			isa = PBXGroup;
			children = (
				7F5603842909AAE0006E20A4 /* success.m4a */,
				7F5603832909AAE0006E20A4 /* chimeup.mp3 */,
			);
			path = Sounds;
			sourceTree = "<group>";
		};
		7F5603882909AC09006E20A4 /* Screens */ = {
			isa = PBXGroup;
			children = (
				7F5603772909AA4B006E20A4 /* ContentView.swift */,
				7F56038D2909ADD1006E20A4 /* OnboardingView.swift */,
				7F56038F2909ADF4006E20A4 /* HomeView.swift */,
			);
			path = Screens;
			sourceTree = "<group>";
		};
		7F56038A2909AC44006E20A4 /* Utilities */ = {
			isa = PBXGroup;
			children = (
				7F65A5E3290D556F0021B27A /* AudioPlayer.swift */,
			);
			path = Utilities;
			sourceTree = "<group>";
		};
		7F56038B2909AC4A006E20A4 /* Views */ = {
			isa = PBXGroup;
			children = (
				7F560391290AF2F8006E20A4 /* CircleGroupView.swift */,
			);
			path = Views;
			sourceTree = "<group>";
		};
/* End PBXGroup section */

/* Begin PBXNativeTarget section */
		7F5603712909AA4B006E20A4 /* Restart */ = {
			isa = PBXNativeTarget;
			buildConfigurationList = 7F5603802909AA4D006E20A4 /* Build configuration list for PBXNativeTarget "Restart" */;
			buildPhases = (
				7F56036E2909AA4B006E20A4 /* Sources */,
				7F56036F2909AA4B006E20A4 /* Frameworks */,
				7F5603702909AA4B006E20A4 /* Resources */,
			);
			buildRules = (
			);
			dependencies = (
			);
			name = Restart;
			productName = Restart;
			productReference = 7F5603722909AA4B006E20A4 /* Restart.app */;
			productType = "com.apple.product-type.application";
		};
/* End PBXNativeTarget section */

/* Begin PBXProject section */
		7F56036A2909AA4B006E20A4 /* Project object */ = {
			isa = PBXProject;
			attributes = {
				BuildIndependentTargetsInParallel = 1;
				LastSwiftUpdateCheck = 1400;
				LastUpgradeCheck = 1400;
				TargetAttributes = {
					7F5603712909AA4B006E20A4 = {
						CreatedOnToolsVersion = 14.0.1;
					};
				};
			};
			buildConfigurationList = 7F56036D2909AA4B006E20A4 /* Build configuration list for PBXProject "Restart" */;
			compatibilityVersion = "Xcode 14.0";
			developmentRegion = en;
			hasScannedForEncodings = 0;
			knownRegions = (
				en,
				Base,
			);
			mainGroup = 7F5603692909AA4B006E20A4;
			productRefGroup = 7F5603732909AA4B006E20A4 /* Products */;
			projectDirPath = "";
			projectRoot = "";
			targets = (
				7F5603712909AA4B006E20A4 /* Restart */,
			);
		};
/* End PBXProject section */

/* Begin PBXResourcesBuildPhase section */
		7F5603702909AA4B006E20A4 /* Resources */ = {
			isa = PBXResourcesBuildPhase;
			buildActionMask = 2147483647;
			files = (
				7F5603862909AAE0006E20A4 /* success.m4a in Resources */,
				7F5603852909AAE0006E20A4 /* chimeup.mp3 in Resources */,
				7F56037D2909AA4D006E20A4 /* Preview Assets.xcassets in Resources */,
				7F56037A2909AA4D006E20A4 /* Assets.xcassets in Resources */,
			);
			runOnlyForDeploymentPostprocessing = 0;
		};
/* End PBXResourcesBuildPhase section */

/* Begin PBXSourcesBuildPhase section */
		7F56036E2909AA4B006E20A4 /* Sources */ = {
			isa = PBXSourcesBuildPhase;
			buildActionMask = 2147483647;
			files = (
				7F560392290AF2F8006E20A4 /* CircleGroupView.swift in Sources */,
				7F56038E2909ADD1006E20A4 /* OnboardingView.swift in Sources */,
				7F5603902909ADF4006E20A4 /* HomeView.swift in Sources */,
				7F5603782909AA4B006E20A4 /* ContentView.swift in Sources */,
				7F5603762909AA4B006E20A4 /* RestartApp.swift in Sources */,
				7F65A5E4290D556F0021B27A /* AudioPlayer.swift in Sources */,
			);
			runOnlyForDeploymentPostprocessing = 0;
		};
/* End PBXSourcesBuildPhase section */

/* Begin XCBuildConfiguration section */
		7F56037E2909AA4D006E20A4 /* Debug */ = {
			isa = XCBuildConfiguration;
			buildSettings = {
				ALWAYS_SEARCH_USER_PATHS = NO;
				CLANG_ANALYZER_NONNULL = YES;
				CLANG_ANALYZER_NUMBER_OBJECT_CONVERSION = YES_AGGRESSIVE;
				CLANG_CXX_LANGUAGE_STANDARD = "gnu++20";
				CLANG_ENABLE_MODULES = YES;
				CLANG_ENABLE_OBJC_ARC = YES;
				CLANG_ENABLE_OBJC_WEAK = YES;
				CLANG_WARN_BLOCK_CAPTURE_AUTORELEASING = YES;
				CLANG_WARN_BOOL_CONVERSION = YES;
				CLANG_WARN_COMMA = YES;
				CLANG_WARN_CONSTANT_CONVERSION = YES;
				CLANG_WARN_DEPRECATED_OBJC_IMPLEMENTATIONS = YES;
				CLANG_WARN_DIRECT_OBJC_ISA_USAGE = YES_ERROR;
				CLANG_WARN_DOCUMENTATION_COMMENTS = YES;
				CLANG_WARN_EMPTY_BODY = YES;
				CLANG_WARN_ENUM_CONVERSION = YES;
				CLANG_WARN_INFINITE_RECURSION = YES;
				CLANG_WARN_INT_CONVERSION = YES;
				CLANG_WARN_NON_LITERAL_NULL_CONVERSION = YES;
				CLANG_WARN_OBJC_IMPLICIT_RETAIN_SELF = YES;
				CLANG_WARN_OBJC_LITERAL_CONVERSION = YES;
				CLANG_WARN_OBJC_ROOT_CLASS = YES_ERROR;
				CLANG_WARN_QUOTED_INCLUDE_IN_FRAMEWORK_HEADER = YES;
				CLANG_WARN_RANGE_LOOP_ANALYSIS = YES;
				CLANG_WARN_STRICT_PROTOTYPES = YES;
				CLANG_WARN_SUSPICIOUS_MOVE = YES;
				CLANG_WARN_UNGUARDED_AVAILABILITY = YES_AGGRESSIVE;
				CLANG_WARN_UNREACHABLE_CODE = YES;
				CLANG_WARN__DUPLICATE_METHOD_MATCH = YES;
				COPY_PHASE_STRIP = NO;
				DEBUG_INFORMATION_FORMAT = dwarf;
				ENABLE_STRICT_OBJC_MSGSEND = YES;
				ENABLE_TESTABILITY = YES;
				GCC_C_LANGUAGE_STANDARD = gnu11;
				GCC_DYNAMIC_NO_PIC = NO;
				GCC_NO_COMMON_BLOCKS = YES;
				GCC_OPTIMIZATION_LEVEL = 0;
				GCC_PREPROCESSOR_DEFINITIONS = (
					"DEBUG=1",
					"$(inherited)",
				);
				GCC_WARN_64_TO_32_BIT_CONVERSION = YES;
				GCC_WARN_ABOUT_RETURN_TYPE = YES_ERROR;
				GCC_WARN_UNDECLARED_SELECTOR = YES;
				GCC_WARN_UNINITIALIZED_AUTOS = YES_AGGRESSIVE;
				GCC_WARN_UNUSED_FUNCTION = YES;
				GCC_WARN_UNUSED_VARIABLE = YES;
				IPHONEOS_DEPLOYMENT_TARGET = 16.0;
				MTL_ENABLE_DEBUG_INFO = INCLUDE_SOURCE;
				MTL_FAST_MATH = YES;
				ONLY_ACTIVE_ARCH = YES;
				SDKROOT = iphoneos;
				SWIFT_ACTIVE_COMPILATION_CONDITIONS = DEBUG;
				SWIFT_OPTIMIZATION_LEVEL = "-Onone";
			};
			name = Debug;
		};
		7F56037F2909AA4D006E20A4 /* Release */ = {
			isa = XCBuildConfiguration;
			buildSettings = {
				ALWAYS_SEARCH_USER_PATHS = NO;
				CLANG_ANALYZER_NONNULL = YES;
				CLANG_ANALYZER_NUMBER_OBJECT_CONVERSION = YES_AGGRESSIVE;
				CLANG_CXX_LANGUAGE_STANDARD = "gnu++20";
				CLANG_ENABLE_MODULES = YES;
				CLANG_ENABLE_OBJC_ARC = YES;
				CLANG_ENABLE_OBJC_WEAK = YES;
				CLANG_WARN_BLOCK_CAPTURE_AUTORELEASING = YES;
				CLANG_WARN_BOOL_CONVERSION = YES;
				CLANG_WARN_COMMA = YES;
				CLANG_WARN_CONSTANT_CONVERSION = YES;
				CLANG_WARN_DEPRECATED_OBJC_IMPLEMENTATIONS = YES;
				CLANG_WARN_DIRECT_OBJC_ISA_USAGE = YES_ERROR;
				CLANG_WARN_DOCUMENTATION_COMMENTS = YES;
				CLANG_WARN_EMPTY_BODY = YES;
				CLANG_WARN_ENUM_CONVERSION = YES;
				CLANG_WARN_INFINITE_RECURSION = YES;
				CLANG_WARN_INT_CONVERSION = YES;
				CLANG_WARN_NON_LITERAL_NULL_CONVERSION = YES;
				CLANG_WARN_OBJC_IMPLICIT_RETAIN_SELF = YES;
				CLANG_WARN_OBJC_LITERAL_CONVERSION = YES;
				CLANG_WARN_OBJC_ROOT_CLASS = YES_ERROR;
				CLANG_WARN_QUOTED_INCLUDE_IN_FRAMEWORK_HEADER = YES;
				CLANG_WARN_RANGE_LOOP_ANALYSIS = YES;
				CLANG_WARN_STRICT_PROTOTYPES = YES;
				CLANG_WARN_SUSPICIOUS_MOVE = YES;
				CLANG_WARN_UNGUARDED_AVAILABILITY = YES_AGGRESSIVE;
				CLANG_WARN_UNREACHABLE_CODE = YES;
				CLANG_WARN__DUPLICATE_METHOD_MATCH = YES;
				COPY_PHASE_STRIP = NO;
				DEBUG_INFORMATION_FORMAT = "dwarf-with-dsym";
				ENABLE_NS_ASSERTIONS = NO;
				ENABLE_STRICT_OBJC_MSGSEND = YES;
				GCC_C_LANGUAGE_STANDARD = gnu11;
				GCC_NO_COMMON_BLOCKS = YES;
				GCC_WARN_64_TO_32_BIT_CONVERSION = YES;
				GCC_WARN_ABOUT_RETURN_TYPE = YES_ERROR;
				GCC_WARN_UNDECLARED_SELECTOR = YES;
				GCC_WARN_UNINITIALIZED_AUTOS = YES_AGGRESSIVE;
				GCC_WARN_UNUSED_FUNCTION = YES;
				GCC_WARN_UNUSED_VARIABLE = YES;
				IPHONEOS_DEPLOYMENT_TARGET = 16.0;
				MTL_ENABLE_DEBUG_INFO = NO;
				MTL_FAST_MATH = YES;
				SDKROOT = iphoneos;
				SWIFT_COMPILATION_MODE = wholemodule;
				SWIFT_OPTIMIZATION_LEVEL = "-O";
				VALIDATE_PRODUCT = YES;
			};
			name = Release;
		};
		7F5603812909AA4D006E20A4 /* Debug */ = {
			isa = XCBuildConfiguration;
			buildSettings = {
				ASSETCATALOG_COMPILER_APPICON_NAME = AppIcon;
				ASSETCATALOG_COMPILER_GLOBAL_ACCENT_COLOR_NAME = AccentColor;
				CODE_SIGN_STYLE = Automatic;
				CURRENT_PROJECT_VERSION = 1;
				DEVELOPMENT_ASSET_PATHS = "\"Restart/Preview Content\"";
				DEVELOPMENT_TEAM = 2F58U32SLZ;
				ENABLE_PREVIEWS = YES;
				GENERATE_INFOPLIST_FILE = YES;
				INFOPLIST_FILE = Restart/Info.plist;
				INFOPLIST_KEY_UIApplicationSceneManifest_Generation = YES;
				INFOPLIST_KEY_UIApplicationSupportsIndirectInputEvents = YES;
				INFOPLIST_KEY_UISupportedInterfaceOrientations = UIInterfaceOrientationPortrait;
				IPHONEOS_DEPLOYMENT_TARGET = 15.6;
				LD_RUNPATH_SEARCH_PATHS = (
					"$(inherited)",
					"@executable_path/Frameworks",
				);
				MARKETING_VERSION = 1.0;
				PRODUCT_BUNDLE_IDENTIFIER = rolaman.Restart;
				PRODUCT_NAME = "$(TARGET_NAME)";
				SWIFT_EMIT_LOC_STRINGS = YES;
				SWIFT_VERSION = 5.0;
				TARGETED_DEVICE_FAMILY = "1,2";
			};
			name = Debug;
		};
		7F5603822909AA4D006E20A4 /* Release */ = {
			isa = XCBuildConfiguration;
			buildSettings = {
				ASSETCATALOG_COMPILER_APPICON_NAME = AppIcon;
				ASSETCATALOG_COMPILER_GLOBAL_ACCENT_COLOR_NAME = AccentColor;
				CODE_SIGN_STYLE = Automatic;
				CURRENT_PROJECT_VERSION = 1;
				DEVELOPMENT_ASSET_PATHS = "\"Restart/Preview Content\"";
				DEVELOPMENT_TEAM = 2F58U32SLZ;
				ENABLE_PREVIEWS = YES;
				GENERATE_INFOPLIST_FILE = YES;
				INFOPLIST_FILE = Restart/Info.plist;
				INFOPLIST_KEY_UIApplicationSceneManifest_Generation = YES;
				INFOPLIST_KEY_UIApplicationSupportsIndirectInputEvents = YES;
				INFOPLIST_KEY_UISupportedInterfaceOrientations = UIInterfaceOrientationPortrait;
				IPHONEOS_DEPLOYMENT_TARGET = 15.6;
				LD_RUNPATH_SEARCH_PATHS = (
					"$(inherited)",
					"@executable_path/Frameworks",
				);
				MARKETING_VERSION = 1.0;
				PRODUCT_BUNDLE_IDENTIFIER = rolaman.Restart;
				PRODUCT_NAME = "$(TARGET_NAME)";
				SWIFT_EMIT_LOC_STRINGS = YES;
				SWIFT_VERSION = 5.0;
				TARGETED_DEVICE_FAMILY = "1,2";
			};
			name = Release;
		};
/* End XCBuildConfiguration section */

/* Begin XCConfigurationList section */
		7F56036D2909AA4B006E20A4 /* Build configuration list for PBXProject "Restart" */ = {
			isa = XCConfigurationList;
			buildConfigurations = (
				7F56037E2909AA4D006E20A4 /* Debug */,
				7F56037F2909AA4D006E20A4 /* Release */,
			);
			defaultConfigurationIsVisible = 0;
			defaultConfigurationName = Release;
		};
		7F5603802909AA4D006E20A4 /* Build configuration list for PBXNativeTarget "Restart" */ = {
			isa = XCConfigurationList;
			buildConfigurations = (
				7F5603812909AA4D006E20A4 /* Debug */,
				7F5603822909AA4D006E20A4 /* Release */,
			);
			defaultConfigurationIsVisible = 0;
			defaultConfigurationName = Release;
		};
/* End XCConfigurationList section */
	};
	rootObject = 7F56036A2909AA4B006E20A4 /* Project object */;
}
